
Microsoft Visual Studio Solution File, Format Version 12.00
# Visual Studio Version 16
VisualStudioVersion = 16.0.33801.447
MinimumVisualStudioVersion = 10.0.40219.1
Project("{FAE04EC0-301F-11D3-BF4B-00C04F79EFBC}") = "MvcCv", "MvcCv\MvcCv.csproj", "{2787CB40-9DC5-44C6-986E-20A40CB54A91}"
EndProject
Global
	GlobalSection(SolutionConfigurationPlatforms) = preSolution
		Debug|Any CPU = Debug|Any CPU
		Release|Any CPU = Release|Any CPU
	EndGlobalSection
	GlobalSection(ProjectConfigurationPlatforms) = postSolution
		{2787CB40-9DC5-44C6-986E-20A40CB54A91}.Debug|Any CPU.ActiveCfg = Debug|Any CPU
		{2787CB40-9DC5-44C6-986E-20A40CB54A91}.Debug|Any CPU.Build.0 = Debug|Any CPU
		{2787CB40-9DC5-44C6-986E-20A40CB54A91}.Release|Any CPU.ActiveCfg = Release|Any CPU
		{2787CB40-9DC5-44C6-986E-20A40CB54A91}.Release|Any CPU.Build.0 = Release|Any CPU
	EndGlobalSection
	GlobalSection(SolutionProperties) = preSolution
		HideSolutionNode = FALSE
	EndGlobalSection
	GlobalSection(ExtensibilityGlobals) = postSolution
		SolutionGuid = {30B77297-BED8-4A04-AD4A-A9AF2C027B17}
	EndGlobalSection
EndGlobal
